Microsoft Visual Studio Solution File, Format Version 12.00
# Visual Studio 15
VisualStudioVersion = 15.0.28307.102
MinimumVisualStudioVersion = 10.0.40219.1
Project("{FAE04EC0-301F-11D3-BF4B-00C04F79EFBC}") = "RidderRedderApi.Web.API", "RidderRedderApi\RidderRedderApi.Web.API.csproj", "{A6854FE4-8998-471E-B5F8-8A536104D958}"
EndProject
Project("{FAE04EC0-301F-11D3-BF4B-00C04F79EFBC}") = "RidderRedderApi.Interfaces", "RidderRedderApi.Interfaces\RidderRedderApi.Interfaces.csproj", "{20E19F56-AFFE-4728-BC7D-E6637BFFA824}"
EndProject
Project("{FAE04EC0-301F-11D3-BF4B-00C04F79EFBC}") = "RidderRedderApi.Maps", "RidderRedderApi.Maps\RidderRedderApi.Maps.csproj", "{9A84F156-B72B-497C-B884-69789AA2BD96}"
EndProject
Project("{FAE04EC0-301F-11D3-BF4B-00C04F79EFBC}") = "RidderRedderApi.Commons", "RidderRedderApi.Commons\RidderRedderApi.Commons.csproj", "{D2888BCD-1EE5-4D83-9B6C-DAA73FD87379}"
EndProject
Project("{FAE04EC0-301F-11D3-BF4B-00C04F79EFBC}") = "RidderRedderApi.Models", "RidderRedderApi.Models\RidderRedderApi.Models.csproj", "{518AE24C-B8EA-49AD-9AF0-D43078738238}"
EndProject
Project("{FAE04EC0-301F-11D3-BF4B-00C04F79EFBC}") = "RidderRedderApi.Repositories", "RidderRedderApi.Repositories\RidderRedderApi.Repositories.csproj", "{D91FD556-0618-45C2-AF05-A38CBBF1CB8E}"
EndProject
Project("{FAE04EC0-301F-11D3-BF4B-00C04F79EFBC}") = "RidderRedderApi.Services", "Services\RidderRedderApi.Services.csproj", "{F6887133-8820-4972-83C7-B3B9DDDB3472}"
EndProject
Project("{FAE04EC0-301F-11D3-BF4B-00C04F79EFBC}") = "RidderRedderApi.ViewModels", "RidderRedderApi.ViewModels\RidderRedderApi.ViewModels.csproj", "{CF2E347A-E781-48BF-87D7-1DF6DD7DD200}"
EndProject
Global
	GlobalSection(SolutionConfigurationPlatforms) = preSolution
		Debug|Any CPU = Debug|Any CPU
		Release|Any CPU = Release|Any CPU
	EndGlobalSection
	GlobalSection(ProjectConfigurationPlatforms) = postSolution
		{A6854FE4-8998-471E-B5F8-8A536104D958}.Debug|Any CPU.ActiveCfg = Debug|Any CPU
		{A6854FE4-8998-471E-B5F8-8A536104D958}.Debug|Any CPU.Build.0 = Debug|Any CPU
		{A6854FE4-8998-471E-B5F8-8A536104D958}.Release|Any CPU.ActiveCfg = Release|Any CPU
		{A6854FE4-8998-471E-B5F8-8A536104D958}.Release|Any CPU.Build.0 = Release|Any CPU
		{20E19F56-AFFE-4728-BC7D-E6637BFFA824}.Debug|Any CPU.ActiveCfg = Debug|Any CPU
		{20E19F56-AFFE-4728-BC7D-E6637BFFA824}.Debug|Any CPU.Build.0 = Debug|Any CPU
		{20E19F56-AFFE-4728-BC7D-E6637BFFA824}.Release|Any CPU.ActiveCfg = Release|Any CPU
		{20E19F56-AFFE-4728-BC7D-E6637BFFA824}.Release|Any CPU.Build.0 = Release|Any CPU
		{9A84F156-B72B-497C-B884-69789AA2BD96}.Debug|Any CPU.ActiveCfg = Debug|Any CPU
		{9A84F156-B72B-497C-B884-69789AA2BD96}.Debug|Any CPU.Build.0 = Debug|Any CPU
		{9A84F156-B72B-497C-B884-69789AA2BD96}.Release|Any CPU.ActiveCfg = Release|Any CPU
		{9A84F156-B72B-497C-B884-69789AA2BD96}.Release|Any CPU.Build.0 = Release|Any CPU
		{D2888BCD-1EE5-4D83-9B6C-DAA73FD87379}.Debug|Any CPU.ActiveCfg = Debug|Any CPU
		{D2888BCD-1EE5-4D83-9B6C-DAA73FD87379}.Debug|Any CPU.Build.0 = Debug|Any CPU
		{D2888BCD-1EE5-4D83-9B6C-DAA73FD87379}.Release|Any CPU.ActiveCfg = Release|Any CPU
		{D2888BCD-1EE5-4D83-9B6C-DAA73FD87379}.Release|Any CPU.Build.0 = Release|Any CPU
		{518AE24C-B8EA-49AD-9AF0-D43078738238}.Debug|Any CPU.ActiveCfg = Debug|Any CPU
		{518AE24C-B8EA-49AD-9AF0-D43078738238}.Debug|Any CPU.Build.0 = Debug|Any CPU
		{518AE24C-B8EA-49AD-9AF0-D43078738238}.Release|Any CPU.ActiveCfg = Release|Any CPU
		{518AE24C-B8EA-49AD-9AF0-D43078738238}.Release|Any CPU.Build.0 = Release|Any CPU
		{D91FD556-0618-45C2-AF05-A38CBBF1CB8E}.Debug|Any CPU.ActiveCfg = Debug|Any CPU
		{D91FD556-0618-45C2-AF05-A38CBBF1CB8E}.Debug|Any CPU.Build.0 = Debug|Any CPU
		{D91FD556-0618-45C2-AF05-A38CBBF1CB8E}.Release|Any CPU.ActiveCfg = Release|Any CPU
		{D91FD556-0618-45C2-AF05-A38CBBF1CB8E}.Release|Any CPU.Build.0 = Release|Any CPU
		{F6887133-8820-4972-83C7-B3B9DDDB3472}.Debug|Any CPU.ActiveCfg = Debug|Any CPU
		{F6887133-8820-4972-83C7-B3B9DDDB3472}.Debug|Any CPU.Build.0 = Debug|Any CPU
		{F6887133-8820-4972-83C7-B3B9DDDB3472}.Release|Any CPU.ActiveCfg = Release|Any CPU
		{F6887133-8820-4972-83C7-B3B9DDDB3472}.Release|Any CPU.Build.0 = Release|Any CPU
		{CF2E347A-E781-48BF-87D7-1DF6DD7DD200}.Debug|Any CPU.ActiveCfg = Debug|Any CPU
		{CF2E347A-E781-48BF-87D7-1DF6DD7DD200}.Debug|Any CPU.Build.0 = Debug|Any CPU
		{CF2E347A-E781-48BF-87D7-1DF6DD7DD200}.Release|Any CPU.ActiveCfg = Release|Any CPU
		{CF2E347A-E781-48BF-87D7-1DF6DD7DD200}.Release|Any CPU.Build.0 = Release|Any CPU
	EndGlobalSection
	GlobalSection(SolutionProperties) = preSolution
		HideSolutionNode = FALSE
	EndGlobalSection
	GlobalSection(ExtensibilityGlobals) = postSolution
		SolutionGuid = {4861DD07-29C1-47D1-9EFB-76394A5F8916}
	EndGlobalSection
EndGlobal
